
Microsoft Visual Studio Solution File, Format Version 12.00
Project("{FAE04EC0-301F-11D3-BF4B-00C04F79EFBC}") = "MoneyAgregator", "MoneyAgregator\MoneyAgregator.csproj", "{5FBC4786-9378-4C5F-ACDD-EDC4E9386855}"
EndProject
Global
	GlobalSection(SolutionConfigurationPlatforms) = preSolution
		Debug|Any CPU = Debug|Any CPU
		Release|Any CPU = Release|Any CPU
	EndGlobalSection
	GlobalSection(ProjectConfigurationPlatforms) = postSolution
		{5FBC4786-9378-4C5F-ACDD-EDC4E9386855}.Debug|Any CPU.ActiveCfg = Debug|Any CPU
		{5FBC4786-9378-4C5F-ACDD-EDC4E9386855}.Debug|Any CPU.Build.0 = Debug|Any CPU
		{5FBC4786-9378-4C5F-ACDD-EDC4E9386855}.Release|Any CPU.ActiveCfg = Release|Any CPU
		{5FBC4786-9378-4C5F-ACDD-EDC4E9386855}.Release|Any CPU.Build.0 = Release|Any CPU
	EndGlobalSection
EndGlobal
